# THIS IS AN AUTOGENERATED FILE. DO NOT EDIT THIS FILE DIRECTLY.
# yarn lockfile v1


"@vue/reactivity@^3.0.4":
  version "3.0.5"
  resolved "https://registry.npm.taobao.org/@vue/reactivity/download/@vue/reactivity-3.0.5.tgz#e3789e4d523d845f9ae0b4d770e2b45594742fd2"
  integrity sha1-43ieTVI9hF+a4LTXcOK0VZR0L9I=
  dependencies:
    "@vue/shared" "3.0.5"

"@vue/shared@3.0.5":
  version "3.0.5"
  resolved "https://registry.npm.taobao.org/@vue/shared/download/@vue/shared-3.0.5.tgz#c131d88bd6713cc4d93b3bb1372edb1983225ff0"
  integrity sha1-wTHYi9ZxPMTZOzuxNy7bGYMiX/A=
